
Microsoft Visual Studio Solution File, Format Version 12.00
# Visual Studio Version 17
VisualStudioVersion = 17.1.32407.343
MinimumVisualStudioVersion = 10.0.40219.1
Project("{FAE04EC0-301F-11D3-BF4B-00C04F79EFBC}") = "SoftUni-Database", "SoftUni-Database\SoftUni-Database.csproj", "{4974A3E3-A78F-46A9-B92D-866213FDD76B}"
EndProject
Global
	GlobalSection(SolutionConfigurationPlatforms) = preSolution
		Debug|Any CPU = Debug|Any CPU
		Release|Any CPU = Release|Any CPU
	EndGlobalSection
	GlobalSection(ProjectConfigurationPlatforms) = postSolution
		{4974A3E3-A78F-46A9-B92D-866213FDD76B}.Debug|Any CPU.ActiveCfg = Debug|Any CPU
		{4974A3E3-A78F-46A9-B92D-866213FDD76B}.Debug|Any CPU.Build.0 = Debug|Any CPU
		{4974A3E3-A78F-46A9-B92D-866213FDD76B}.Release|Any CPU.ActiveCfg = Release|Any CPU
		{4974A3E3-A78F-46A9-B92D-866213FDD76B}.Release|Any CPU.Build.0 = Release|Any CPU
	EndGlobalSection
	GlobalSection(SolutionProperties) = preSolution
		HideSolutionNode = FALSE
	EndGlobalSection
	GlobalSection(ExtensibilityGlobals) = postSolution
		SolutionGuid = {B10D966A-B91F-4A8C-9C32-35F791923941}
	EndGlobalSection
EndGlobal
