
Microsoft Visual Studio Solution File, Format Version 12.00
# Visual Studio Version 16
VisualStudioVersion = 16.0.31702.278
MinimumVisualStudioVersion = 10.0.40219.1
Project("{9A19103F-16F7-4668-BE54-9A1E7A4F7556}") = "01.MathOperations", "01.MathOperations\01.MathOperations.csproj", "{E40E711F-320A-4FA9-A86B-016C8D2E6B6F}"
EndProject
Project("{FAE04EC0-301F-11D3-BF4B-00C04F79EFBC}") = "02.Animals", "02.Animals\02.Animals.csproj", "{234E5313-0F47-444A-857B-B099081DBBCB}"
EndProject
Project("{FAE04EC0-301F-11D3-BF4B-00C04F79EFBC}") = "Shapes", "Shapes\Shapes.csproj", "{9E67D633-64D6-4118-86CC-598F3C1078F6}"
EndProject
Global
	GlobalSection(SolutionConfigurationPlatforms) = preSolution
		Debug|Any CPU = Debug|Any CPU
		Release|Any CPU = Release|Any CPU
	EndGlobalSection
	GlobalSection(ProjectConfigurationPlatforms) = postSolution
		{E40E711F-320A-4FA9-A86B-016C8D2E6B6F}.Debug|Any CPU.ActiveCfg = Debug|Any CPU
		{E40E711F-320A-4FA9-A86B-016C8D2E6B6F}.Debug|Any CPU.Build.0 = Debug|Any CPU
		{E40E711F-320A-4FA9-A86B-016C8D2E6B6F}.Release|Any CPU.ActiveCfg = Release|Any CPU
		{E40E711F-320A-4FA9-A86B-016C8D2E6B6F}.Release|Any CPU.Build.0 = Release|Any CPU
		{234E5313-0F47-444A-857B-B099081DBBCB}.Debug|Any CPU.ActiveCfg = Debug|Any CPU
		{234E5313-0F47-444A-857B-B099081DBBCB}.Debug|Any CPU.Build.0 = Debug|Any CPU
		{234E5313-0F47-444A-857B-B099081DBBCB}.Release|Any CPU.ActiveCfg = Release|Any CPU
		{234E5313-0F47-444A-857B-B099081DBBCB}.Release|Any CPU.Build.0 = Release|Any CPU
		{9E67D633-64D6-4118-86CC-598F3C1078F6}.Debug|Any CPU.ActiveCfg = Debug|Any CPU
		{9E67D633-64D6-4118-86CC-598F3C1078F6}.Debug|Any CPU.Build.0 = Debug|Any CPU
		{9E67D633-64D6-4118-86CC-598F3C1078F6}.Release|Any CPU.ActiveCfg = Release|Any CPU
		{9E67D633-64D6-4118-86CC-598F3C1078F6}.Release|Any CPU.Build.0 = Release|Any CPU
	EndGlobalSection
	GlobalSection(SolutionProperties) = preSolution
		HideSolutionNode = FALSE
	EndGlobalSection
	GlobalSection(ExtensibilityGlobals) = postSolution
		SolutionGuid = {591FF9EE-033A-4AF7-873D-43BD169E9A22}
	EndGlobalSection
EndGlobal
