
Microsoft Visual Studio Solution File, Format Version 12.00
# Visual Studio Version 16
VisualStudioVersion = 16.0.31702.278
MinimumVisualStudioVersion = 10.0.40219.1
Project("{FAE04EC0-301F-11D3-BF4B-00C04F79EFBC}") = "DebuggingTechniques", "DebuggingTechniques\DebuggingTechniques.csproj", "{539320A4-BFBC-4E80-B482-1217D8243DF8}"
EndProject
Global
	GlobalSection(SolutionConfigurationPlatforms) = preSolution
		Debug|Any CPU = Debug|Any CPU
		Release|Any CPU = Release|Any CPU
	EndGlobalSection
	GlobalSection(ProjectConfigurationPlatforms) = postSolution
		{539320A4-BFBC-4E80-B482-1217D8243DF8}.Debug|Any CPU.ActiveCfg = Debug|Any CPU
		{539320A4-BFBC-4E80-B482-1217D8243DF8}.Debug|Any CPU.Build.0 = Debug|Any CPU
		{539320A4-BFBC-4E80-B482-1217D8243DF8}.Release|Any CPU.ActiveCfg = Release|Any CPU
		{539320A4-BFBC-4E80-B482-1217D8243DF8}.Release|Any CPU.Build.0 = Release|Any CPU
	EndGlobalSection
	GlobalSection(SolutionProperties) = preSolution
		HideSolutionNode = FALSE
	EndGlobalSection
	GlobalSection(ExtensibilityGlobals) = postSolution
		SolutionGuid = {A3616165-8C9C-4F32-B157-AA9D36884046}
	EndGlobalSection
EndGlobal
