
Microsoft Visual Studio Solution File, Format Version 12.00
# Visual Studio Version 16
VisualStudioVersion = 16.0.31702.278
MinimumVisualStudioVersion = 10.0.40219.1
Project("{FAE04EC0-301F-11D3-BF4B-00C04F79EFBC}") = "ImplementDoublyLinkedList", "ImplementDoublyLinkedList\ImplementDoublyLinkedList.csproj", "{5C6C96E6-04AD-496C-B023-988006F6E54F}"
EndProject
Global
	GlobalSection(SolutionConfigurationPlatforms) = preSolution
		Debug|Any CPU = Debug|Any CPU
		Release|Any CPU = Release|Any CPU
	EndGlobalSection
	GlobalSection(ProjectConfigurationPlatforms) = postSolution
		{5C6C96E6-04AD-496C-B023-988006F6E54F}.Debug|Any CPU.ActiveCfg = Debug|Any CPU
		{5C6C96E6-04AD-496C-B023-988006F6E54F}.Debug|Any CPU.Build.0 = Debug|Any CPU
		{5C6C96E6-04AD-496C-B023-988006F6E54F}.Release|Any CPU.ActiveCfg = Release|Any CPU
		{5C6C96E6-04AD-496C-B023-988006F6E54F}.Release|Any CPU.Build.0 = Release|Any CPU
	EndGlobalSection
	GlobalSection(SolutionProperties) = preSolution
		HideSolutionNode = FALSE
	EndGlobalSection
	GlobalSection(ExtensibilityGlobals) = postSolution
		SolutionGuid = {A5A864BA-3ED2-4B0C-A66F-3B3E157E72CA}
	EndGlobalSection
EndGlobal
