
Microsoft Visual Studio Solution File, Format Version 12.00
# Visual Studio Version 16
VisualStudioVersion = 16.0.31702.278
MinimumVisualStudioVersion = 10.0.40219.1
Project("{9A19103F-16F7-4668-BE54-9A1E7A4F7556}") = "01.ActionPrint", "01.ActionPrint\01.ActionPrint.csproj", "{5DE554AF-15A8-4981-99C3-EE74ECB8CEB7}"
EndProject
Project("{9A19103F-16F7-4668-BE54-9A1E7A4F7556}") = "02.KnightsOfHonor", "02.KnightsOfHonor\02.KnightsOfHonor.csproj", "{7788406F-1842-43E1-AA00-F9F649D82D90}"
EndProject
Project("{9A19103F-16F7-4668-BE54-9A1E7A4F7556}") = "03.CustomMinFunction", "03.CustomMinFunction\03.CustomMinFunction.csproj", "{1B274DC2-87C4-472D-AE8C-FDA1DA8A567E}"
EndProject
Project("{9A19103F-16F7-4668-BE54-9A1E7A4F7556}") = "04.FindEvensOrOdds", "04.FindEvensOrOdds\04.FindEvensOrOdds.csproj", "{ACC11879-8ECD-4C97-AAFB-15A7140A2EDD}"
EndProject
Project("{9A19103F-16F7-4668-BE54-9A1E7A4F7556}") = "05.AppliedArithmetics", "05.AppliedArithmetics\05.AppliedArithmetics.csproj", "{285AC4C8-0230-42A2-AEAC-3A5A44CECC8B}"
EndProject
Project("{FAE04EC0-301F-11D3-BF4B-00C04F79EFBC}") = "06.ReverseAndExclude", "06.ReverseAndExclude\06.ReverseAndExclude.csproj", "{9807436D-F14D-4783-B8BF-E4266E7079B6}"
EndProject
Project("{FAE04EC0-301F-11D3-BF4B-00C04F79EFBC}") = "07.PredicateForNames", "07.PredicateForNames\07.PredicateForNames.csproj", "{C1EDF822-0D66-4197-B87E-DF5AB67BA89D}"
EndProject
Project("{FAE04EC0-301F-11D3-BF4B-00C04F79EFBC}") = "09.ListOfPredicates", "09.ListOfPredicates\09.ListOfPredicates.csproj", "{766BE45F-1F56-40FD-AF86-18C1939B5241}"
EndProject
Global
	GlobalSection(SolutionConfigurationPlatforms) = preSolution
		Debug|Any CPU = Debug|Any CPU
		Release|Any CPU = Release|Any CPU
	EndGlobalSection
	GlobalSection(ProjectConfigurationPlatforms) = postSolution
		{5DE554AF-15A8-4981-99C3-EE74ECB8CEB7}.Debug|Any CPU.ActiveCfg = Debug|Any CPU
		{5DE554AF-15A8-4981-99C3-EE74ECB8CEB7}.Debug|Any CPU.Build.0 = Debug|Any CPU
		{5DE554AF-15A8-4981-99C3-EE74ECB8CEB7}.Release|Any CPU.ActiveCfg = Release|Any CPU
		{5DE554AF-15A8-4981-99C3-EE74ECB8CEB7}.Release|Any CPU.Build.0 = Release|Any CPU
		{7788406F-1842-43E1-AA00-F9F649D82D90}.Debug|Any CPU.ActiveCfg = Debug|Any CPU
		{7788406F-1842-43E1-AA00-F9F649D82D90}.Debug|Any CPU.Build.0 = Debug|Any CPU
		{7788406F-1842-43E1-AA00-F9F649D82D90}.Release|Any CPU.ActiveCfg = Release|Any CPU
		{7788406F-1842-43E1-AA00-F9F649D82D90}.Release|Any CPU.Build.0 = Release|Any CPU
		{1B274DC2-87C4-472D-AE8C-FDA1DA8A567E}.Debug|Any CPU.ActiveCfg = Debug|Any CPU
		{1B274DC2-87C4-472D-AE8C-FDA1DA8A567E}.Debug|Any CPU.Build.0 = Debug|Any CPU
		{1B274DC2-87C4-472D-AE8C-FDA1DA8A567E}.Release|Any CPU.ActiveCfg = Release|Any CPU
		{1B274DC2-87C4-472D-AE8C-FDA1DA8A567E}.Release|Any CPU.Build.0 = Release|Any CPU
		{ACC11879-8ECD-4C97-AAFB-15A7140A2EDD}.Debug|Any CPU.ActiveCfg = Debug|Any CPU
		{ACC11879-8ECD-4C97-AAFB-15A7140A2EDD}.Debug|Any CPU.Build.0 = Debug|Any CPU
		{ACC11879-8ECD-4C97-AAFB-15A7140A2EDD}.Release|Any CPU.ActiveCfg = Release|Any CPU
		{ACC11879-8ECD-4C97-AAFB-15A7140A2EDD}.Release|Any CPU.Build.0 = Release|Any CPU
		{285AC4C8-0230-42A2-AEAC-3A5A44CECC8B}.Debug|Any CPU.ActiveCfg = Debug|Any CPU
		{285AC4C8-0230-42A2-AEAC-3A5A44CECC8B}.Debug|Any CPU.Build.0 = Debug|Any CPU
		{285AC4C8-0230-42A2-AEAC-3A5A44CECC8B}.Release|Any CPU.ActiveCfg = Release|Any CPU
		{285AC4C8-0230-42A2-AEAC-3A5A44CECC8B}.Release|Any CPU.Build.0 = Release|Any CPU
		{9807436D-F14D-4783-B8BF-E4266E7079B6}.Debug|Any CPU.ActiveCfg = Debug|Any CPU
		{9807436D-F14D-4783-B8BF-E4266E7079B6}.Debug|Any CPU.Build.0 = Debug|Any CPU
		{9807436D-F14D-4783-B8BF-E4266E7079B6}.Release|Any CPU.ActiveCfg = Release|Any CPU
		{9807436D-F14D-4783-B8BF-E4266E7079B6}.Release|Any CPU.Build.0 = Release|Any CPU
		{C1EDF822-0D66-4197-B87E-DF5AB67BA89D}.Debug|Any CPU.ActiveCfg = Debug|Any CPU
		{C1EDF822-0D66-4197-B87E-DF5AB67BA89D}.Debug|Any CPU.Build.0 = Debug|Any CPU
		{C1EDF822-0D66-4197-B87E-DF5AB67BA89D}.Release|Any CPU.ActiveCfg = Release|Any CPU
		{C1EDF822-0D66-4197-B87E-DF5AB67BA89D}.Release|Any CPU.Build.0 = Release|Any CPU
		{766BE45F-1F56-40FD-AF86-18C1939B5241}.Debug|Any CPU.ActiveCfg = Debug|Any CPU
		{766BE45F-1F56-40FD-AF86-18C1939B5241}.Debug|Any CPU.Build.0 = Debug|Any CPU
		{766BE45F-1F56-40FD-AF86-18C1939B5241}.Release|Any CPU.ActiveCfg = Release|Any CPU
		{766BE45F-1F56-40FD-AF86-18C1939B5241}.Release|Any CPU.Build.0 = Release|Any CPU
	EndGlobalSection
	GlobalSection(SolutionProperties) = preSolution
		HideSolutionNode = FALSE
	EndGlobalSection
	GlobalSection(ExtensibilityGlobals) = postSolution
		SolutionGuid = {B4C8D1EC-8385-423B-B9E5-35917B3D0EE0}
	EndGlobalSection
EndGlobal
